
Microsoft Visual Studio Solution File, Format Version 12.00
Project("{FAE04EC0-301F-11D3-BF4B-00C04F79EFBC}") = "LabEntities", "LabEntities\LabEntities.csproj", "{44DA225C-5CAF-494B-ABF0-774DF1ADE775}"
EndProject
Project("{FAE04EC0-301F-11D3-BF4B-00C04F79EFBC}") = "Lab1", "Lab1\Lab1.csproj", "{1C35F892-F2BB-453C-A170-C366098693CC}"
EndProject
Global
	GlobalSection(SolutionConfigurationPlatforms) = preSolution
		Debug|Any CPU = Debug|Any CPU
		Release|Any CPU = Release|Any CPU
	EndGlobalSection
	GlobalSection(ProjectConfigurationPlatforms) = postSolution
		{44DA225C-5CAF-494B-ABF0-774DF1ADE775}.Debug|Any CPU.ActiveCfg = Debug|Any CPU
		{44DA225C-5CAF-494B-ABF0-774DF1ADE775}.Debug|Any CPU.Build.0 = Debug|Any CPU
		{44DA225C-5CAF-494B-ABF0-774DF1ADE775}.Release|Any CPU.ActiveCfg = Release|Any CPU
		{44DA225C-5CAF-494B-ABF0-774DF1ADE775}.Release|Any CPU.Build.0 = Release|Any CPU
		{1C35F892-F2BB-453C-A170-C366098693CC}.Debug|Any CPU.ActiveCfg = Debug|Any CPU
		{1C35F892-F2BB-453C-A170-C366098693CC}.Debug|Any CPU.Build.0 = Debug|Any CPU
		{1C35F892-F2BB-453C-A170-C366098693CC}.Release|Any CPU.ActiveCfg = Release|Any CPU
		{1C35F892-F2BB-453C-A170-C366098693CC}.Release|Any CPU.Build.0 = Release|Any CPU
	EndGlobalSection
EndGlobal
